// !$*UTF8*$!
{
	archiveVersion = 1;
	classes = {
	};
	objectVersion = 55;
	objects = {

/* Begin PBXBuildFile section */
		3517452B27E708F90074EF2C /* ImagePickerView.swift in Sources */ = {isa = PBXBuildFile; fileRef = 3517452A27E708F90074EF2C /* ImagePickerView.swift */; };
		3517452D27E84FEB0074EF2C /* SubmissionsAPI.swift in Sources */ = {isa = PBXBuildFile; fileRef = 3517452C27E84FEB0074EF2C /* SubmissionsAPI.swift */; };
		352D869A2802B005002B931C /* DateFormatter.swift in Sources */ = {isa = PBXBuildFile; fileRef = 352D86992802B005002B931C /* DateFormatter.swift */; };
		353B3956280D6ED50067BC44 /* GoalsAPI.swift in Sources */ = {isa = PBXBuildFile; fileRef = 353B3955280D6ED50067BC44 /* GoalsAPI.swift */; };
		354A89BC27E1C7B500078008 /* TabView.swift in Sources */ = {isa = PBXBuildFile; fileRef = 354A89BB27E1C7B500078008 /* TabView.swift */; };
		354A89BF27E1C8EF00078008 /* Store.swift in Sources */ = {isa = PBXBuildFile; fileRef = 354A89BE27E1C8EE00078008 /* Store.swift */; };
		354A89C227E1CA9B00078008 /* LoginAPI.swift in Sources */ = {isa = PBXBuildFile; fileRef = 354A89C127E1CA9B00078008 /* LoginAPI.swift */; };
		354A89C527E1CB8400078008 /* FirebaseAuth in Frameworks */ = {isa = PBXBuildFile; productRef = 354A89C427E1CB8400078008 /* FirebaseAuth */; };
		354A89C727E1CB8400078008 /* FirebaseFirestore in Frameworks */ = {isa = PBXBuildFile; productRef = 354A89C627E1CB8400078008 /* FirebaseFirestore */; };
		354A89CA27E1CC6900078008 /* Localizable.strings in Resources */ = {isa = PBXBuildFile; fileRef = 354A89C927E1CC6800078008 /* Localizable.strings */; };
		354A89CC27E1CC9700078008 /* String+Localizable.swift in Sources */ = {isa = PBXBuildFile; fileRef = 354A89CB27E1CC9700078008 /* String+Localizable.swift */; };
		354A89CE27E1CD7900078008 /* Collection+Safe.swift in Sources */ = {isa = PBXBuildFile; fileRef = 354A89CD27E1CD7900078008 /* Collection+Safe.swift */; };
		354A89D127E1D58000078008 /* Image+Custom.swift in Sources */ = {isa = PBXBuildFile; fileRef = 354A89D027E1D58000078008 /* Image+Custom.swift */; };
		354A89D327E1D6E300078008 /* LogInViewModel.swift in Sources */ = {isa = PBXBuildFile; fileRef = 354A89D227E1D6E200078008 /* LogInViewModel.swift */; };
		354A946127E315FD00E966B2 /* SubmissionsViewModel.swift in Sources */ = {isa = PBXBuildFile; fileRef = 354A946027E315FD00E966B2 /* SubmissionsViewModel.swift */; };
		354A946327E3161100E966B2 /* SubmissionsView.swift in Sources */ = {isa = PBXBuildFile; fileRef = 354A946227E3161100E966B2 /* SubmissionsView.swift */; };
		354A946927E32A2B00E966B2 /* TabItemsViewModel.swift in Sources */ = {isa = PBXBuildFile; fileRef = 354A946827E32A2B00E966B2 /* TabItemsViewModel.swift */; };
		354A946B27E5BA4F00E966B2 /* AddNewSubView.swift in Sources */ = {isa = PBXBuildFile; fileRef = 354A946A27E5BA4F00E966B2 /* AddNewSubView.swift */; };
		354A946E27E5BCAB00E966B2 /* AddNewSubViewModel.swift in Sources */ = {isa = PBXBuildFile; fileRef = 354A946D27E5BCAB00E966B2 /* AddNewSubViewModel.swift */; };
		354A947027E5BCFC00E966B2 /* Submission.swift in Sources */ = {isa = PBXBuildFile; fileRef = 354A946F27E5BCFC00E966B2 /* Submission.swift */; };
		35BEC79727E1A5C300E3A23D /* Tap_Nap_Or_SnapApp.swift in Sources */ = {isa = PBXBuildFile; fileRef = 35BEC79627E1A5C300E3A23D /* Tap_Nap_Or_SnapApp.swift */; };
		35BEC79927E1A5C300E3A23D /* LogInView.swift in Sources */ = {isa = PBXBuildFile; fileRef = 35BEC79827E1A5C300E3A23D /* LogInView.swift */; };
		35BEC79B27E1A5C500E3A23D /* Assets.xcassets in Resources */ = {isa = PBXBuildFile; fileRef = 35BEC79A27E1A5C500E3A23D /* Assets.xcassets */; };
		35BEC79E27E1A5C600E3A23D /* Preview Assets.xcassets in Resources */ = {isa = PBXBuildFile; fileRef = 35BEC79D27E1A5C600E3A23D /* Preview Assets.xcassets */; };
		35BEC7A727E1A94100E3A23D /* Colors.xcassets in Resources */ = {isa = PBXBuildFile; fileRef = 35BEC7A627E1A94100E3A23D /* Colors.xcassets */; };
		35BEC7A927E1ABCE00E3A23D /* Color+Custom.swift in Sources */ = {isa = PBXBuildFile; fileRef = 35BEC7A827E1ABCE00E3A23D /* Color+Custom.swift */; };
		35BEC7B127E1C3D700E3A23D /* GoogleService-Info.plist in Resources */ = {isa = PBXBuildFile; fileRef = 35BEC7B027E1C3D700E3A23D /* GoogleService-Info.plist */; };
		35CDD40927FFF76400668A58 /* GoalsView.swift in Sources */ = {isa = PBXBuildFile; fileRef = 35CDD40827FFF76400668A58 /* GoalsView.swift */; };
		35CDD40B27FFF77D00668A58 /* GoalsViewModel.swift in Sources */ = {isa = PBXBuildFile; fileRef = 35CDD40A27FFF77D00668A58 /* GoalsViewModel.swift */; };
		35CDD40D27FFFC8000668A58 /* CreateNewGoalView.swift in Sources */ = {isa = PBXBuildFile; fileRef = 35CDD40C27FFFC7F00668A58 /* CreateNewGoalView.swift */; };
		35CDD40F27FFFC9A00668A58 /* CreateNewGoalViewModel.swift in Sources */ = {isa = PBXBuildFile; fileRef = 35CDD40E27FFFC9A00668A58 /* CreateNewGoalViewModel.swift */; };
		35E234E128211308001E9871 /* SubmissionDetailsView.swift in Sources */ = {isa = PBXBuildFile; fileRef = 35E234E028211308001E9871 /* SubmissionDetailsView.swift */; };
		35E234E32821161E001E9871 /* SubmissionDetailsViewModel.swift in Sources */ = {isa = PBXBuildFile; fileRef = 35E234E22821161E001E9871 /* SubmissionDetailsViewModel.swift */; };
/* End PBXBuildFile section */

/* Begin PBXFileReference section */
		3517452A27E708F90074EF2C /* ImagePickerView.swift */ = {isa = PBXFileReference; lastKnownFileType = sourcecode.swift; path = ImagePickerView.swift; sourceTree = "<group>"; };
		3517452C27E84FEB0074EF2C /* SubmissionsAPI.swift */ = {isa = PBXFileReference; lastKnownFileType = sourcecode.swift; path = SubmissionsAPI.swift; sourceTree = "<group>"; };
		352D86992802B005002B931C /* DateFormatter.swift */ = {isa = PBXFileReference; lastKnownFileType = sourcecode.swift; path = DateFormatter.swift; sourceTree = "<group>"; };
		353B3955280D6ED50067BC44 /* GoalsAPI.swift */ = {isa = PBXFileReference; lastKnownFileType = sourcecode.swift; path = GoalsAPI.swift; sourceTree = "<group>"; };
		354A89BB27E1C7B500078008 /* TabView.swift */ = {isa = PBXFileReference; lastKnownFileType = sourcecode.swift; path = TabView.swift; sourceTree = "<group>"; };
		354A89BE27E1C8EE00078008 /* Store.swift */ = {isa = PBXFileReference; lastKnownFileType = sourcecode.swift; path = Store.swift; sourceTree = "<group>"; };
		354A89C127E1CA9B00078008 /* LoginAPI.swift */ = {isa = PBXFileReference; lastKnownFileType = sourcecode.swift; path = LoginAPI.swift; sourceTree = "<group>"; };
		354A89C927E1CC6800078008 /* Localizable.strings */ = {isa = PBXFileReference; lastKnownFileType = text.plist.strings; path = Localizable.strings; sourceTree = "<group>"; };
		354A89CB27E1CC9700078008 /* String+Localizable.swift */ = {isa = PBXFileReference; lastKnownFileType = sourcecode.swift; path = "String+Localizable.swift"; sourceTree = "<group>"; };
		354A89CD27E1CD7900078008 /* Collection+Safe.swift */ = {isa = PBXFileReference; lastKnownFileType = sourcecode.swift; path = "Collection+Safe.swift"; sourceTree = "<group>"; };
		354A89D027E1D58000078008 /* Image+Custom.swift */ = {isa = PBXFileReference; lastKnownFileType = sourcecode.swift; path = "Image+Custom.swift"; sourceTree = "<group>"; };
		354A89D227E1D6E200078008 /* LogInViewModel.swift */ = {isa = PBXFileReference; lastKnownFileType = sourcecode.swift; path = LogInViewModel.swift; sourceTree = "<group>"; };
		354A946027E315FD00E966B2 /* SubmissionsViewModel.swift */ = {isa = PBXFileReference; lastKnownFileType = sourcecode.swift; path = SubmissionsViewModel.swift; sourceTree = "<group>"; };
		354A946227E3161100E966B2 /* SubmissionsView.swift */ = {isa = PBXFileReference; lastKnownFileType = sourcecode.swift; path = SubmissionsView.swift; sourceTree = "<group>"; };
		354A946827E32A2B00E966B2 /* TabItemsViewModel.swift */ = {isa = PBXFileReference; lastKnownFileType = sourcecode.swift; path = TabItemsViewModel.swift; sourceTree = "<group>"; };
		354A946A27E5BA4F00E966B2 /* AddNewSubView.swift */ = {isa = PBXFileReference; lastKnownFileType = sourcecode.swift; path = AddNewSubView.swift; sourceTree = "<group>"; };
		354A946D27E5BCAB00E966B2 /* AddNewSubViewModel.swift */ = {isa = PBXFileReference; lastKnownFileType = sourcecode.swift; path = AddNewSubViewModel.swift; sourceTree = "<group>"; };
		354A946F27E5BCFC00E966B2 /* Submission.swift */ = {isa = PBXFileReference; lastKnownFileType = sourcecode.swift; path = Submission.swift; sourceTree = "<group>"; };
		35BEC79327E1A5C300E3A23D /* Tap Nap Or Snap.app */ = {isa = PBXFileReference; explicitFileType = wrapper.application; includeInIndex = 0; path = "Tap Nap Or Snap.app"; sourceTree = BUILT_PRODUCTS_DIR; };
		35BEC79627E1A5C300E3A23D /* Tap_Nap_Or_SnapApp.swift */ = {isa = PBXFileReference; lastKnownFileType = sourcecode.swift; path = Tap_Nap_Or_SnapApp.swift; sourceTree = "<group>"; };
		35BEC79827E1A5C300E3A23D /* LogInView.swift */ = {isa = PBXFileReference; lastKnownFileType = sourcecode.swift; path = LogInView.swift; sourceTree = "<group>"; };
		35BEC79A27E1A5C500E3A23D /* Assets.xcassets */ = {isa = PBXFileReference; lastKnownFileType = folder.assetcatalog; path = Assets.xcassets; sourceTree = "<group>"; };
		35BEC79D27E1A5C600E3A23D /* Preview Assets.xcassets */ = {isa = PBXFileReference; lastKnownFileType = folder.assetcatalog; path = "Preview Assets.xcassets"; sourceTree = "<group>"; };
		35BEC7A627E1A94100E3A23D /* Colors.xcassets */ = {isa = PBXFileReference; lastKnownFileType = folder.assetcatalog; path = Colors.xcassets; sourceTree = "<group>"; };
		35BEC7A827E1ABCE00E3A23D /* Color+Custom.swift */ = {isa = PBXFileReference; lastKnownFileType = sourcecode.swift; path = "Color+Custom.swift"; sourceTree = "<group>"; };
		35BEC7B027E1C3D700E3A23D /* GoogleService-Info.plist */ = {isa = PBXFileReference; fileEncoding = 4; lastKnownFileType = text.plist.xml; path = "GoogleService-Info.plist"; sourceTree = "<group>"; };
		35CDD40827FFF76400668A58 /* GoalsView.swift */ = {isa = PBXFileReference; lastKnownFileType = sourcecode.swift; path = GoalsView.swift; sourceTree = "<group>"; };
		35CDD40A27FFF77D00668A58 /* GoalsViewModel.swift */ = {isa = PBXFileReference; lastKnownFileType = sourcecode.swift; path = GoalsViewModel.swift; sourceTree = "<group>"; };
		35CDD40C27FFFC7F00668A58 /* CreateNewGoalView.swift */ = {isa = PBXFileReference; lastKnownFileType = sourcecode.swift; path = CreateNewGoalView.swift; sourceTree = "<group>"; };
		35CDD40E27FFFC9A00668A58 /* CreateNewGoalViewModel.swift */ = {isa = PBXFileReference; lastKnownFileType = sourcecode.swift; path = CreateNewGoalViewModel.swift; sourceTree = "<group>"; };
		35E234E028211308001E9871 /* SubmissionDetailsView.swift */ = {isa = PBXFileReference; lastKnownFileType = sourcecode.swift; path = SubmissionDetailsView.swift; sourceTree = "<group>"; };
		35E234E22821161E001E9871 /* SubmissionDetailsViewModel.swift */ = {isa = PBXFileReference; lastKnownFileType = sourcecode.swift; path = SubmissionDetailsViewModel.swift; sourceTree = "<group>"; };
/* End PBXFileReference section */

/* Begin PBXFrameworksBuildPhase section */
		35BEC79027E1A5C300E3A23D /* Frameworks */ = {
			isa = PBXFrameworksBuildPhase;
			buildActionMask = 2147483647;
			files = (
				354A89C527E1CB8400078008 /* FirebaseAuth in Frameworks */,
				354A89C727E1CB8400078008 /* FirebaseFirestore in Frameworks */,
			);
			runOnlyForDeploymentPostprocessing = 0;
		};
/* End PBXFrameworksBuildPhase section */

/* Begin PBXGroup section */
		3517452927E708CD0074EF2C /* Image picker */ = {
			isa = PBXGroup;
			children = (
				3517452A27E708F90074EF2C /* ImagePickerView.swift */,
			);
			path = "Image picker";
			sourceTree = "<group>";
		};
		354A89BA27E1C78E00078008 /* TabView */ = {
			isa = PBXGroup;
			children = (
				354A89BB27E1C7B500078008 /* TabView.swift */,
				354A946827E32A2B00E966B2 /* TabItemsViewModel.swift */,
			);
			path = TabView;
			sourceTree = "<group>";
		};
		354A89BD27E1C8BD00078008 /* Store */ = {
			isa = PBXGroup;
			children = (
				354A89BE27E1C8EE00078008 /* Store.swift */,
			);
			path = Store;
			sourceTree = "<group>";
		};
		354A89C027E1CA7C00078008 /* Network */ = {
			isa = PBXGroup;
			children = (
				354A89C127E1CA9B00078008 /* LoginAPI.swift */,
				3517452C27E84FEB0074EF2C /* SubmissionsAPI.swift */,
				353B3955280D6ED50067BC44 /* GoalsAPI.swift */,
			);
			path = Network;
			sourceTree = "<group>";
		};
		354A89C827E1CC1A00078008 /* Resources */ = {
			isa = PBXGroup;
			children = (
				354A89C927E1CC6800078008 /* Localizable.strings */,
				354A89CB27E1CC9700078008 /* String+Localizable.swift */,
			);
			path = Resources;
			sourceTree = "<group>";
		};
		354A89CF27E1CD8700078008 /* Utils */ = {
			isa = PBXGroup;
			children = (
				354A89CD27E1CD7900078008 /* Collection+Safe.swift */,
				352D86992802B005002B931C /* DateFormatter.swift */,
			);
			path = Utils;
			sourceTree = "<group>";
		};
		354A945F27E315E100E966B2 /* subs */ = {
			isa = PBXGroup;
			children = (
				35E234DF2821124E001E9871 /* submissionDetails */,
				354A946027E315FD00E966B2 /* SubmissionsViewModel.swift */,
				354A946227E3161100E966B2 /* SubmissionsView.swift */,
			);
			path = subs;
			sourceTree = "<group>";
		};
		354A946C27E5BA5A00E966B2 /* add sub */ = {
			isa = PBXGroup;
			children = (
				354A946A27E5BA4F00E966B2 /* AddNewSubView.swift */,
				354A946D27E5BCAB00E966B2 /* AddNewSubViewModel.swift */,
				354A946F27E5BCFC00E966B2 /* Submission.swift */,
			);
			path = "add sub";
			sourceTree = "<group>";
		};
		35BEC78A27E1A5C200E3A23D = {
			isa = PBXGroup;
			children = (
				35BEC7B027E1C3D700E3A23D /* GoogleService-Info.plist */,
				35BEC79527E1A5C300E3A23D /* Tap Nap Or Snap */,
				35BEC79427E1A5C300E3A23D /* Products */,
			);
			sourceTree = "<group>";
		};
		35BEC79427E1A5C300E3A23D /* Products */ = {
			isa = PBXGroup;
			children = (
				35BEC79327E1A5C300E3A23D /* Tap Nap Or Snap.app */,
			);
			name = Products;
			sourceTree = "<group>";
		};
		35BEC79527E1A5C300E3A23D /* Tap Nap Or Snap */ = {
			isa = PBXGroup;
			children = (
				35CDD40727FFF74E00668A58 /* Goals */,
				3517452927E708CD0074EF2C /* Image picker */,
				354A946C27E5BA5A00E966B2 /* add sub */,
				354A945F27E315E100E966B2 /* subs */,
				354A89CF27E1CD8700078008 /* Utils */,
				354A89C827E1CC1A00078008 /* Resources */,
				354A89C027E1CA7C00078008 /* Network */,
				354A89BD27E1C8BD00078008 /* Store */,
				354A89BA27E1C78E00078008 /* TabView */,
				35BEC7A527E1A92200E3A23D /* Assets */,
				35BEC7A427E1A5E400E3A23D /* LogIn */,
				35BEC79627E1A5C300E3A23D /* Tap_Nap_Or_SnapApp.swift */,
				35BEC79C27E1A5C600E3A23D /* Preview Content */,
			);
			path = "Tap Nap Or Snap";
			sourceTree = "<group>";
		};
		35BEC79C27E1A5C600E3A23D /* Preview Content */ = {
			isa = PBXGroup;
			children = (
				35BEC79D27E1A5C600E3A23D /* Preview Assets.xcassets */,
			);
			path = "Preview Content";
			sourceTree = "<group>";
		};
		35BEC7A427E1A5E400E3A23D /* LogIn */ = {
			isa = PBXGroup;
			children = (
				35BEC79827E1A5C300E3A23D /* LogInView.swift */,
				354A89D227E1D6E200078008 /* LogInViewModel.swift */,
			);
			path = LogIn;
			sourceTree = "<group>";
		};
		35BEC7A527E1A92200E3A23D /* Assets */ = {
			isa = PBXGroup;
			children = (
				35BEC79A27E1A5C500E3A23D /* Assets.xcassets */,
				35BEC7A627E1A94100E3A23D /* Colors.xcassets */,
				35BEC7A827E1ABCE00E3A23D /* Color+Custom.swift */,
				354A89D027E1D58000078008 /* Image+Custom.swift */,
			);
			path = Assets;
			sourceTree = "<group>";
		};
		35CDD40727FFF74E00668A58 /* Goals */ = {
			isa = PBXGroup;
			children = (
				35CDD40827FFF76400668A58 /* GoalsView.swift */,
				35CDD40A27FFF77D00668A58 /* GoalsViewModel.swift */,
				35CDD40C27FFFC7F00668A58 /* CreateNewGoalView.swift */,
				35CDD40E27FFFC9A00668A58 /* CreateNewGoalViewModel.swift */,
			);
			path = Goals;
			sourceTree = "<group>";
		};
		35E234DF2821124E001E9871 /* submissionDetails */ = {
			isa = PBXGroup;
			children = (
				35E234E028211308001E9871 /* SubmissionDetailsView.swift */,
				35E234E22821161E001E9871 /* SubmissionDetailsViewModel.swift */,
			);
			path = submissionDetails;
			sourceTree = "<group>";
		};
/* End PBXGroup section */

/* Begin PBXNativeTarget section */
		35BEC79227E1A5C300E3A23D /* Tap Nap Or Snap */ = {
			isa = PBXNativeTarget;
			buildConfigurationList = 35BEC7A127E1A5C600E3A23D /* Build configuration list for PBXNativeTarget "Tap Nap Or Snap" */;
			buildPhases = (
				35BEC78F27E1A5C300E3A23D /* Sources */,
				35BEC79027E1A5C300E3A23D /* Frameworks */,
				35BEC79127E1A5C300E3A23D /* Resources */,
			);
			buildRules = (
			);
			dependencies = (
			);
			name = "Tap Nap Or Snap";
			packageProductDependencies = (
				354A89C427E1CB8400078008 /* FirebaseAuth */,
				354A89C627E1CB8400078008 /* FirebaseFirestore */,
			);
			productName = "Tap Nap Or Snap";
			productReference = 35BEC79327E1A5C300E3A23D /* Tap Nap Or Snap.app */;
			productType = "com.apple.product-type.application";
		};
/* End PBXNativeTarget section */

/* Begin PBXProject section */
		35BEC78B27E1A5C200E3A23D /* Project object */ = {
			isa = PBXProject;
			attributes = {
				BuildIndependentTargetsInParallel = 1;
				LastSwiftUpdateCheck = 1320;
				LastUpgradeCheck = 1320;
				TargetAttributes = {
					35BEC79227E1A5C300E3A23D = {
						CreatedOnToolsVersion = 13.2.1;
					};
				};
			};
			buildConfigurationList = 35BEC78E27E1A5C200E3A23D /* Build configuration list for PBXProject "Tap Nap Or Snap" */;
			compatibilityVersion = "Xcode 13.0";
			developmentRegion = en;
			hasScannedForEncodings = 0;
			knownRegions = (
				en,
				Base,
			);
			mainGroup = 35BEC78A27E1A5C200E3A23D;
			packageReferences = (
				354A89C327E1CB8300078008 /* XCRemoteSwiftPackageReference "firebase-ios-sdk" */,
			);
			productRefGroup = 35BEC79427E1A5C300E3A23D /* Products */;
			projectDirPath = "";
			projectRoot = "";
			targets = (
				35BEC79227E1A5C300E3A23D /* Tap Nap Or Snap */,
			);
		};
/* End PBXProject section */

/* Begin PBXResourcesBuildPhase section */
		35BEC79127E1A5C300E3A23D /* Resources */ = {
			isa = PBXResourcesBuildPhase;
			buildActionMask = 2147483647;
			files = (
				354A89CA27E1CC6900078008 /* Localizable.strings in Resources */,
				35BEC7A727E1A94100E3A23D /* Colors.xcassets in Resources */,
				35BEC7B127E1C3D700E3A23D /* GoogleService-Info.plist in Resources */,
				35BEC79E27E1A5C600E3A23D /* Preview Assets.xcassets in Resources */,
				35BEC79B27E1A5C500E3A23D /* Assets.xcassets in Resources */,
			);
			runOnlyForDeploymentPostprocessing = 0;
		};
/* End PBXResourcesBuildPhase section */

/* Begin PBXSourcesBuildPhase section */
		35BEC78F27E1A5C300E3A23D /* Sources */ = {
			isa = PBXSourcesBuildPhase;
			buildActionMask = 2147483647;
			files = (
				35E234E128211308001E9871 /* SubmissionDetailsView.swift in Sources */,
				354A946327E3161100E966B2 /* SubmissionsView.swift in Sources */,
				352D869A2802B005002B931C /* DateFormatter.swift in Sources */,
				35E234E32821161E001E9871 /* SubmissionDetailsViewModel.swift in Sources */,
				354A89BF27E1C8EF00078008 /* Store.swift in Sources */,
				3517452D27E84FEB0074EF2C /* SubmissionsAPI.swift in Sources */,
				35CDD40F27FFFC9A00668A58 /* CreateNewGoalViewModel.swift in Sources */,
				35BEC7A927E1ABCE00E3A23D /* Color+Custom.swift in Sources */,
				35BEC79927E1A5C300E3A23D /* LogInView.swift in Sources */,
				354A89BC27E1C7B500078008 /* TabView.swift in Sources */,
				354A89C227E1CA9B00078008 /* LoginAPI.swift in Sources */,
				354A946127E315FD00E966B2 /* SubmissionsViewModel.swift in Sources */,
				354A947027E5BCFC00E966B2 /* Submission.swift in Sources */,
				354A946E27E5BCAB00E966B2 /* AddNewSubViewModel.swift in Sources */,
				35BEC79727E1A5C300E3A23D /* Tap_Nap_Or_SnapApp.swift in Sources */,
				354A89D327E1D6E300078008 /* LogInViewModel.swift in Sources */,
				353B3956280D6ED50067BC44 /* GoalsAPI.swift in Sources */,
				354A946B27E5BA4F00E966B2 /* AddNewSubView.swift in Sources */,
				354A89D127E1D58000078008 /* Image+Custom.swift in Sources */,
				35CDD40D27FFFC8000668A58 /* CreateNewGoalView.swift in Sources */,
				354A89CE27E1CD7900078008 /* Collection+Safe.swift in Sources */,
				354A89CC27E1CC9700078008 /* String+Localizable.swift in Sources */,
				35CDD40927FFF76400668A58 /* GoalsView.swift in Sources */,
				35CDD40B27FFF77D00668A58 /* GoalsViewModel.swift in Sources */,
				354A946927E32A2B00E966B2 /* TabItemsViewModel.swift in Sources */,
				3517452B27E708F90074EF2C /* ImagePickerView.swift in Sources */,
			);
			runOnlyForDeploymentPostprocessing = 0;
		};
/* End PBXSourcesBuildPhase section */

/* Begin XCBuildConfiguration section */
		35BEC79F27E1A5C600E3A23D /* Debug */ = {
			isa = XCBuildConfiguration;
			buildSettings = {
				ALWAYS_SEARCH_USER_PATHS = NO;
				CLANG_ANALYZER_NONNULL = YES;
				CLANG_ANALYZER_NUMBER_OBJECT_CONVERSION = YES_AGGRESSIVE;
				CLANG_CXX_LANGUAGE_STANDARD = "gnu++17";
				CLANG_CXX_LIBRARY = "libc++";
				CLANG_ENABLE_MODULES = YES;
				CLANG_ENABLE_OBJC_ARC = YES;
				CLANG_ENABLE_OBJC_WEAK = YES;
				CLANG_WARN_BLOCK_CAPTURE_AUTORELEASING = YES;
				CLANG_WARN_BOOL_CONVERSION = YES;
				CLANG_WARN_COMMA = YES;
				CLANG_WARN_CONSTANT_CONVERSION = YES;
				CLANG_WARN_DEPRECATED_OBJC_IMPLEMENTATIONS = YES;
				CLANG_WARN_DIRECT_OBJC_ISA_USAGE = YES_ERROR;
				CLANG_WARN_DOCUMENTATION_COMMENTS = YES;
				CLANG_WARN_EMPTY_BODY = YES;
				CLANG_WARN_ENUM_CONVERSION = YES;
				CLANG_WARN_INFINITE_RECURSION = YES;
				CLANG_WARN_INT_CONVERSION = YES;
				CLANG_WARN_NON_LITERAL_NULL_CONVERSION = YES;
				CLANG_WARN_OBJC_IMPLICIT_RETAIN_SELF = YES;
				CLANG_WARN_OBJC_LITERAL_CONVERSION = YES;
				CLANG_WARN_OBJC_ROOT_CLASS = YES_ERROR;
				CLANG_WARN_QUOTED_INCLUDE_IN_FRAMEWORK_HEADER = YES;
				CLANG_WARN_RANGE_LOOP_ANALYSIS = YES;
				CLANG_WARN_STRICT_PROTOTYPES = YES;
				CLANG_WARN_SUSPICIOUS_MOVE = YES;
				CLANG_WARN_UNGUARDED_AVAILABILITY = YES_AGGRESSIVE;
				CLANG_WARN_UNREACHABLE_CODE = YES;
				CLANG_WARN__DUPLICATE_METHOD_MATCH = YES;
				COPY_PHASE_STRIP = NO;
				DEBUG_INFORMATION_FORMAT = dwarf;
				ENABLE_STRICT_OBJC_MSGSEND = YES;
				ENABLE_TESTABILITY = YES;
				GCC_C_LANGUAGE_STANDARD = gnu11;
				GCC_DYNAMIC_NO_PIC = NO;
				GCC_NO_COMMON_BLOCKS = YES;
				GCC_OPTIMIZATION_LEVEL = 0;
				GCC_PREPROCESSOR_DEFINITIONS = (
					"DEBUG=1",
					"$(inherited)",
				);
				GCC_WARN_64_TO_32_BIT_CONVERSION = YES;
				GCC_WARN_ABOUT_RETURN_TYPE = YES_ERROR;
				GCC_WARN_UNDECLARED_SELECTOR = YES;
				GCC_WARN_UNINITIALIZED_AUTOS = YES_AGGRESSIVE;
				GCC_WARN_UNUSED_FUNCTION = YES;
				GCC_WARN_UNUSED_VARIABLE = YES;
				IPHONEOS_DEPLOYMENT_TARGET = 15.2;
				MTL_ENABLE_DEBUG_INFO = INCLUDE_SOURCE;
				MTL_FAST_MATH = YES;
				ONLY_ACTIVE_ARCH = YES;
				SDKROOT = iphoneos;
				SWIFT_ACTIVE_COMPILATION_CONDITIONS = DEBUG;
				SWIFT_OPTIMIZATION_LEVEL = "-Onone";
			};
			name = Debug;
		};
		35BEC7A027E1A5C600E3A23D /* Release */ = {
			isa = XCBuildConfiguration;
			buildSettings = {
				ALWAYS_SEARCH_USER_PATHS = NO;
				CLANG_ANALYZER_NONNULL = YES;
				CLANG_ANALYZER_NUMBER_OBJECT_CONVERSION = YES_AGGRESSIVE;
				CLANG_CXX_LANGUAGE_STANDARD = "gnu++17";
				CLANG_CXX_LIBRARY = "libc++";
				CLANG_ENABLE_MODULES = YES;
				CLANG_ENABLE_OBJC_ARC = YES;
				CLANG_ENABLE_OBJC_WEAK = YES;
				CLANG_WARN_BLOCK_CAPTURE_AUTORELEASING = YES;
				CLANG_WARN_BOOL_CONVERSION = YES;
				CLANG_WARN_COMMA = YES;
				CLANG_WARN_CONSTANT_CONVERSION = YES;
				CLANG_WARN_DEPRECATED_OBJC_IMPLEMENTATIONS = YES;
				CLANG_WARN_DIRECT_OBJC_ISA_USAGE = YES_ERROR;
				CLANG_WARN_DOCUMENTATION_COMMENTS = YES;
				CLANG_WARN_EMPTY_BODY = YES;
				CLANG_WARN_ENUM_CONVERSION = YES;
				CLANG_WARN_INFINITE_RECURSION = YES;
				CLANG_WARN_INT_CONVERSION = YES;
				CLANG_WARN_NON_LITERAL_NULL_CONVERSION = YES;
				CLANG_WARN_OBJC_IMPLICIT_RETAIN_SELF = YES;
				CLANG_WARN_OBJC_LITERAL_CONVERSION = YES;
				CLANG_WARN_OBJC_ROOT_CLASS = YES_ERROR;
				CLANG_WARN_QUOTED_INCLUDE_IN_FRAMEWORK_HEADER = YES;
				CLANG_WARN_RANGE_LOOP_ANALYSIS = YES;
				CLANG_WARN_STRICT_PROTOTYPES = YES;
				CLANG_WARN_SUSPICIOUS_MOVE = YES;
				CLANG_WARN_UNGUARDED_AVAILABILITY = YES_AGGRESSIVE;
				CLANG_WARN_UNREACHABLE_CODE = YES;
				CLANG_WARN__DUPLICATE_METHOD_MATCH = YES;
				COPY_PHASE_STRIP = NO;
				DEBUG_INFORMATION_FORMAT = "dwarf-with-dsym";
				ENABLE_NS_ASSERTIONS = NO;
				ENABLE_STRICT_OBJC_MSGSEND = YES;
				GCC_C_LANGUAGE_STANDARD = gnu11;
				GCC_NO_COMMON_BLOCKS = YES;
				GCC_WARN_64_TO_32_BIT_CONVERSION = YES;
				GCC_WARN_ABOUT_RETURN_TYPE = YES_ERROR;
				GCC_WARN_UNDECLARED_SELECTOR = YES;
				GCC_WARN_UNINITIALIZED_AUTOS = YES_AGGRESSIVE;
				GCC_WARN_UNUSED_FUNCTION = YES;
				GCC_WARN_UNUSED_VARIABLE = YES;
				IPHONEOS_DEPLOYMENT_TARGET = 15.2;
				MTL_ENABLE_DEBUG_INFO = NO;
				MTL_FAST_MATH = YES;
				SDKROOT = iphoneos;
				SWIFT_COMPILATION_MODE = wholemodule;
				SWIFT_OPTIMIZATION_LEVEL = "-O";
				VALIDATE_PRODUCT = YES;
			};
			name = Release;
		};
		35BEC7A227E1A5C600E3A23D /* Debug */ = {
			isa = XCBuildConfiguration;
			buildSettings = {
				ASSETCATALOG_COMPILER_APPICON_NAME = AppIcon;
				ASSETCATALOG_COMPILER_GLOBAL_ACCENT_COLOR_NAME = AccentColor;
				CODE_SIGN_STYLE = Automatic;
				CURRENT_PROJECT_VERSION = 1;
				DEVELOPMENT_ASSET_PATHS = "\"Tap Nap Or Snap/Preview Content\"";
				DEVELOPMENT_TEAM = 6K524MKAFK;
				ENABLE_PREVIEWS = YES;
				GENERATE_INFOPLIST_FILE = YES;
				INFOPLIST_KEY_UIApplicationSceneManifest_Generation = YES;
				INFOPLIST_KEY_UIApplicationSupportsIndirectInputEvents = YES;
				INFOPLIST_KEY_UILaunchScreen_Generation = YES;
				INFOPLIST_KEY_UISupportedInterfaceOrientations_iPad = "UIInterfaceOrientationPortrait UIInterfaceOrientationPortraitUpsideDown UIInterfaceOrientationLandscapeLeft UIInterfaceOrientationLandscapeRight";
				INFOPLIST_KEY_UISupportedInterfaceOrientations_iPhone = "UIInterfaceOrientationPortrait UIInterfaceOrientationLandscapeLeft UIInterfaceOrientationLandscapeRight";
				LD_RUNPATH_SEARCH_PATHS = (
					"$(inherited)",
					"@executable_path/Frameworks",
				);
				MARKETING_VERSION = 1.0;
				PRODUCT_BUNDLE_IDENTIFIER = "inti.Tap-Nap-Or-Snap";
				PRODUCT_NAME = "$(TARGET_NAME)";
				SWIFT_EMIT_LOC_STRINGS = YES;
				SWIFT_VERSION = 5.0;
				TARGETED_DEVICE_FAMILY = "1,2";
			};
			name = Debug;
		};
		35BEC7A327E1A5C600E3A23D /* Release */ = {
			isa = XCBuildConfiguration;
			buildSettings = {
				ASSETCATALOG_COMPILER_APPICON_NAME = AppIcon;
				ASSETCATALOG_COMPILER_GLOBAL_ACCENT_COLOR_NAME = AccentColor;
				CODE_SIGN_STYLE = Automatic;
				CURRENT_PROJECT_VERSION = 1;
				DEVELOPMENT_ASSET_PATHS = "\"Tap Nap Or Snap/Preview Content\"";
				DEVELOPMENT_TEAM = 6K524MKAFK;
				ENABLE_PREVIEWS = YES;
				GENERATE_INFOPLIST_FILE = YES;
				INFOPLIST_KEY_UIApplicationSceneManifest_Generation = YES;
				INFOPLIST_KEY_UIApplicationSupportsIndirectInputEvents = YES;
				INFOPLIST_KEY_UILaunchScreen_Generation = YES;
				INFOPLIST_KEY_UISupportedInterfaceOrientations_iPad = "UIInterfaceOrientationPortrait UIInterfaceOrientationPortraitUpsideDown UIInterfaceOrientationLandscapeLeft UIInterfaceOrientationLandscapeRight";
				INFOPLIST_KEY_UISupportedInterfaceOrientations_iPhone = "UIInterfaceOrientationPortrait UIInterfaceOrientationLandscapeLeft UIInterfaceOrientationLandscapeRight";
				LD_RUNPATH_SEARCH_PATHS = (
					"$(inherited)",
					"@executable_path/Frameworks",
				);
				MARKETING_VERSION = 1.0;
				PRODUCT_BUNDLE_IDENTIFIER = "inti.Tap-Nap-Or-Snap";
				PRODUCT_NAME = "$(TARGET_NAME)";
				SWIFT_EMIT_LOC_STRINGS = YES;
				SWIFT_VERSION = 5.0;
				TARGETED_DEVICE_FAMILY = "1,2";
			};
			name = Release;
		};
/* End XCBuildConfiguration section */

/* Begin XCConfigurationList section */
		35BEC78E27E1A5C200E3A23D /* Build configuration list for PBXProject "Tap Nap Or Snap" */ = {
			isa = XCConfigurationList;
			buildConfigurations = (
				35BEC79F27E1A5C600E3A23D /* Debug */,
				35BEC7A027E1A5C600E3A23D /* Release */,
			);
			defaultConfigurationIsVisible = 0;
			defaultConfigurationName = Release;
		};
		35BEC7A127E1A5C600E3A23D /* Build configuration list for PBXNativeTarget "Tap Nap Or Snap" */ = {
			isa = XCConfigurationList;
			buildConfigurations = (
				35BEC7A227E1A5C600E3A23D /* Debug */,
				35BEC7A327E1A5C600E3A23D /* Release */,
			);
			defaultConfigurationIsVisible = 0;
			defaultConfigurationName = Release;
		};
/* End XCConfigurationList section */

/* Begin XCRemoteSwiftPackageReference section */
		354A89C327E1CB8300078008 /* XCRemoteSwiftPackageReference "firebase-ios-sdk" */ = {
			isa = XCRemoteSwiftPackageReference;
			repositoryURL = "https://github.com/firebase/firebase-ios-sdk.git";
			requirement = {
				kind = upToNextMajorVersion;
				minimumVersion = 8.0.0;
			};
		};
/* End XCRemoteSwiftPackageReference section */

/* Begin XCSwiftPackageProductDependency section */
		354A89C427E1CB8400078008 /* FirebaseAuth */ = {
			isa = XCSwiftPackageProductDependency;
			package = 354A89C327E1CB8300078008 /* XCRemoteSwiftPackageReference "firebase-ios-sdk" */;
			productName = FirebaseAuth;
		};
		354A89C627E1CB8400078008 /* FirebaseFirestore */ = {
			isa = XCSwiftPackageProductDependency;
			package = 354A89C327E1CB8300078008 /* XCRemoteSwiftPackageReference "firebase-ios-sdk" */;
			productName = FirebaseFirestore;
		};
/* End XCSwiftPackageProductDependency section */
	};
	rootObject = 35BEC78B27E1A5C200E3A23D /* Project object */;
}
